dependencies:
- name: eventcenter-auth
  repository: file://./subcharts/eventcenter-auth
  version: 0.1.0
- name: scanner
  repository: file://./subcharts/scanner
  version: 0.1.0
- name: console
  repository: file://./subcharts/console
  version: 0.1.0
- name: clair
  repository: file://./subcharts/clair
  version: 0.1.3
- name: daemon
  repository: file://./subcharts/daemon
  version: 0.1.0
- name: postgresql
  repository: file://./subcharts/postgresql
  version: 6.3.9
- name: mongodb
  repository: file://./subcharts/mongodb
  version: 7.2.10
- name: redis
  repository: file://./subcharts/redis
  version: 11.2.1
- name: elasticsearch
  repository: file://./subcharts/elasticsearch
  version: 7.9.1
- name: kibana
  repository: file://./subcharts/kibana
  version: 0.1.0
- name: drift-prevention
  repository: file://./subcharts/drift-prevention
  version: 0.1.0
- name: seccomp-generator
  repository: file://./subcharts/seccomp-generator
  version: 0.1.0
- name: holmes
  repository: file://./subcharts/holmes
  version: 1.7.4
digest: sha256:b82f319a87b0f62a761bce014d0160b7a6132a46c67af379a87529771645481a
generated: "2021-05-24T22:02:18.261759081+08:00"
