dependencies:
- name: scanner
  repository: file://./subcharts/scanner
  version: 0.1.0
- name: console
  repository: file://./subcharts/console
  version: 0.1.0
- name: clair
  repository: file://./subcharts/clair
  version: 0.1.3
- name: daemon
  repository: file://./subcharts/daemon
  version: 0.1.0
- name: postgresql
  repository: file://./subcharts/postgresql
  version: 6.3.9
- name: mongodb
  repository: file://./subcharts/mongodb
  version: 7.2.10
- name: redis
  repository: file://./subcharts/redis
  version: 11.2.1
- name: elasticsearch
  repository: file://./subcharts/elasticsearch
  version: 7.9.1
- name: drift-prevention
  repository: file://./subcharts/drift-prevention
  version: 0.1.0
- name: seccomp-generator
  repository: file://./subcharts/seccomp-generator
  version: 0.1.0
- name: falco
  repository: file://./subcharts/falco
  version: 1.7.4
digest: sha256:d94525c00af9cd7317931b2bef9cf027a00229ac53945de42709925a35f8a893
generated: "2021-03-03T00:06:42.31520504+01:00"
