dependencies:
- name: eventcenter-auth
  repository: file://./subcharts/eventcenter-auth
  version: 0.1.0
- name: scanner
  repository: file://./subcharts/scanner
  version: 0.1.0
- name: console
  repository: file://./subcharts/console
  version: 0.1.0
- name: clair
  repository: file://./subcharts/clair
  version: 0.1.3
- name: daemon
  repository: file://./subcharts/daemon
  version: 0.1.0
- name: postgresql
  repository: file://./subcharts/postgresql
  version: 6.3.9
- name: mongodb
  repository: file://./subcharts/mongodb
  version: 7.2.10
- name: redis-ha
  repository: file://./subcharts/redis-ha
  version: 4.4.6
- name: elasticsearch
  repository: file://./subcharts/elasticsearch
  version: 7.9.1
- name: kibana
  repository: file://./subcharts/kibana
  version: 0.1.0
- name: drift-prevention
  repository: file://./subcharts/drift-prevention
  version: 0.1.0
- name: seccomp-generator
  repository: file://./subcharts/seccomp-generator
  version: 0.1.0
- name: holmes
  repository: file://./subcharts/holmes
  version: 1.7.4
digest: sha256:a886dcb05628aaebec903d5990440df4e6e36e0c32de461d5d7d20bfd5e048db
generated: "2021-06-10T15:57:17.244805728+08:00"
